
Microsoft Visual Studio Solution File, Format Version 12.00
# Visual Studio Version 17
VisualStudioVersion = 17.13.35806.99
MinimumVisualStudioVersion = 10.0.40219.1
Project("{FAE04EC0-301F-11D3-BF4B-00C04F79EFBC}") = "FleetManagement", "FleetManagement.csproj", "{810A491F-F257-4D33-AE17-03265D48FF37}"
EndProject
Project("{FAE04EC0-301F-11D3-BF4B-00C04F79EFBC}") = "FleetManagement.Tests", "..\FleetManagement.Tests\FleetManagement.Tests.csproj", "{96ADC574-4ED7-43F7-9C74-22E2CED18BC3}"
EndProject
Global
	GlobalSection(SolutionConfigurationPlatforms) = preSolution
		Debug|Any CPU = Debug|Any CPU
		Release|Any CPU = Release|Any CPU
	EndGlobalSection
	GlobalSection(ProjectConfigurationPlatforms) = postSolution
		{810A491F-F257-4D33-AE17-03265D48FF37}.Debug|Any CPU.ActiveCfg = Debug|Any CPU
		{810A491F-F257-4D33-AE17-03265D48FF37}.Debug|Any CPU.Build.0 = Debug|Any CPU
		{810A491F-F257-4D33-AE17-03265D48FF37}.Release|Any CPU.ActiveCfg = Release|Any CPU
		{810A491F-F257-4D33-AE17-03265D48FF37}.Release|Any CPU.Build.0 = Release|Any CPU
		{96ADC574-4ED7-43F7-9C74-22E2CED18BC3}.Debug|Any CPU.ActiveCfg = Debug|Any CPU
		{96ADC574-4ED7-43F7-9C74-22E2CED18BC3}.Debug|Any CPU.Build.0 = Debug|Any CPU
		{96ADC574-4ED7-43F7-9C74-22E2CED18BC3}.Release|Any CPU.ActiveCfg = Release|Any CPU
		{96ADC574-4ED7-43F7-9C74-22E2CED18BC3}.Release|Any CPU.Build.0 = Release|Any CPU
	EndGlobalSection
	GlobalSection(SolutionProperties) = preSolution
		HideSolutionNode = FALSE
	EndGlobalSection
	GlobalSection(ExtensibilityGlobals) = postSolution
		SolutionGuid = {14A00EE2-BD3B-44DD-A40A-CEA597AB5834}
	EndGlobalSection
EndGlobal
